
Microsoft Visual Studio Solution File, Format Version 12.00
# Visual Studio Version 16
VisualStudioVersion = 16.0.29613.14
MinimumVisualStudioVersion = 10.0.40219.1
Project("{888888A0-9F3D-457C-B088-3A5042F75D52}") = "VPray4U_Org", "VPray4U_Org.pyproj", "{4C745F0F-8143-4F01-B8A8-A8597E9199F7}"
EndProject
Global
	GlobalSection(SolutionConfigurationPlatforms) = preSolution
		Debug|Any CPU = Debug|Any CPU
		Release|Any CPU = Release|Any CPU
	EndGlobalSection
	GlobalSection(ProjectConfigurationPlatforms) = postSolution
		{4C745F0F-8143-4F01-B8A8-A8597E9199F7}.Debug|Any CPU.ActiveCfg = Debug|Any CPU
		{4C745F0F-8143-4F01-B8A8-A8597E9199F7}.Debug|Any CPU.Build.0 = Debug|Any CPU
		{4C745F0F-8143-4F01-B8A8-A8597E9199F7}.Release|Any CPU.ActiveCfg = Release|Any CPU
		{4C745F0F-8143-4F01-B8A8-A8597E9199F7}.Release|Any CPU.Build.0 = Release|Any CPU
	EndGlobalSection
	GlobalSection(SolutionProperties) = preSolution
		HideSolutionNode = FALSE
	EndGlobalSection
	GlobalSection(ExtensibilityGlobals) = postSolution
		SolutionGuid = {C108BBCF-AD57-4CBC-8E43-B9E11A45B602}
	EndGlobalSection
EndGlobal
