
Microsoft Visual Studio Solution File, Format Version 12.00
# Visual Studio Version 16
VisualStudioVersion = 16.0.31004.235
MinimumVisualStudioVersion = 10.0.40219.1
Project("{9A19103F-16F7-4668-BE54-9A1E7A4F7556}") = "ConsoleApp1", "ConsoleApp1.csproj", "{0D4CC9DF-76D2-4455-ABF1-0D65A4540386}"
EndProject
Project("{9A19103F-16F7-4668-BE54-9A1E7A4F7556}") = "ChessGame", "..\ChessGame\ChessGame.csproj", "{610BD3F6-B437-42B1-B219-49ECDAD9E113}"
EndProject
Project("{9A19103F-16F7-4668-BE54-9A1E7A4F7556}") = "DesignPatterns", "..\DesignPatterns\DesignPatterns.csproj", "{21ED7E76-B474-4E3F-83FD-4D94B710234D}"
EndProject
Project("{9A19103F-16F7-4668-BE54-9A1E7A4F7556}") = "TestProject1", "..\TestProject1\TestProject1.csproj", "{8651F2D4-D37C-40DE-AE91-8FE0AC303E6A}"
EndProject
Project("{FAE04EC0-301F-11D3-BF4B-00C04F79EFBC}") = "ConsoleApp2", "..\ConsoleApp2\ConsoleApp2.csproj", "{2FAAED16-5004-48E4-81A7-84D88F5486D4}"
EndProject
Global
	GlobalSection(SolutionConfigurationPlatforms) = preSolution
		Debug|Any CPU = Debug|Any CPU
		Release|Any CPU = Release|Any CPU
	EndGlobalSection
	GlobalSection(ProjectConfigurationPlatforms) = postSolution
		{0D4CC9DF-76D2-4455-ABF1-0D65A4540386}.Debug|Any CPU.ActiveCfg = Debug|Any CPU
		{0D4CC9DF-76D2-4455-ABF1-0D65A4540386}.Debug|Any CPU.Build.0 = Debug|Any CPU
		{0D4CC9DF-76D2-4455-ABF1-0D65A4540386}.Release|Any CPU.ActiveCfg = Release|Any CPU
		{0D4CC9DF-76D2-4455-ABF1-0D65A4540386}.Release|Any CPU.Build.0 = Release|Any CPU
		{610BD3F6-B437-42B1-B219-49ECDAD9E113}.Debug|Any CPU.ActiveCfg = Debug|Any CPU
		{610BD3F6-B437-42B1-B219-49ECDAD9E113}.Debug|Any CPU.Build.0 = Debug|Any CPU
		{610BD3F6-B437-42B1-B219-49ECDAD9E113}.Release|Any CPU.ActiveCfg = Release|Any CPU
		{610BD3F6-B437-42B1-B219-49ECDAD9E113}.Release|Any CPU.Build.0 = Release|Any CPU
		{21ED7E76-B474-4E3F-83FD-4D94B710234D}.Debug|Any CPU.ActiveCfg = Debug|Any CPU
		{21ED7E76-B474-4E3F-83FD-4D94B710234D}.Debug|Any CPU.Build.0 = Debug|Any CPU
		{21ED7E76-B474-4E3F-83FD-4D94B710234D}.Release|Any CPU.ActiveCfg = Release|Any CPU
		{21ED7E76-B474-4E3F-83FD-4D94B710234D}.Release|Any CPU.Build.0 = Release|Any CPU
		{8651F2D4-D37C-40DE-AE91-8FE0AC303E6A}.Debug|Any CPU.ActiveCfg = Debug|Any CPU
		{8651F2D4-D37C-40DE-AE91-8FE0AC303E6A}.Debug|Any CPU.Build.0 = Debug|Any CPU
		{8651F2D4-D37C-40DE-AE91-8FE0AC303E6A}.Release|Any CPU.ActiveCfg = Release|Any CPU
		{8651F2D4-D37C-40DE-AE91-8FE0AC303E6A}.Release|Any CPU.Build.0 = Release|Any CPU
		{2FAAED16-5004-48E4-81A7-84D88F5486D4}.Debug|Any CPU.ActiveCfg = Debug|Any CPU
		{2FAAED16-5004-48E4-81A7-84D88F5486D4}.Debug|Any CPU.Build.0 = Debug|Any CPU
		{2FAAED16-5004-48E4-81A7-84D88F5486D4}.Release|Any CPU.ActiveCfg = Release|Any CPU
		{2FAAED16-5004-48E4-81A7-84D88F5486D4}.Release|Any CPU.Build.0 = Release|Any CPU
	EndGlobalSection
	GlobalSection(SolutionProperties) = preSolution
		HideSolutionNode = FALSE
	EndGlobalSection
	GlobalSection(ExtensibilityGlobals) = postSolution
		SolutionGuid = {53047AB3-D361-4C31-A96D-AE73DB2183EE}
	EndGlobalSection
EndGlobal
