
Microsoft Visual Studio Solution File, Format Version 12.00
# Visual Studio Version 16
VisualStudioVersion = 16.0.29613.14
MinimumVisualStudioVersion = 10.0.40219.1
Project("{FAE04EC0-301F-11D3-BF4B-00C04F79EFBC}") = "WebAPISample", "WebAPISample.csproj", "{8ACCB859-6715-4913-85BC-A368809B84A9}"
EndProject
Global
	GlobalSection(SolutionConfigurationPlatforms) = preSolution
		Debug|Any CPU = Debug|Any CPU
		Release|Any CPU = Release|Any CPU
	EndGlobalSection
	GlobalSection(ProjectConfigurationPlatforms) = postSolution
		{8ACCB859-6715-4913-85BC-A368809B84A9}.Debug|Any CPU.ActiveCfg = Debug|Any CPU
		{8ACCB859-6715-4913-85BC-A368809B84A9}.Debug|Any CPU.Build.0 = Debug|Any CPU
		{8ACCB859-6715-4913-85BC-A368809B84A9}.Release|Any CPU.ActiveCfg = Release|Any CPU
		{8ACCB859-6715-4913-85BC-A368809B84A9}.Release|Any CPU.Build.0 = Release|Any CPU
	EndGlobalSection
	GlobalSection(SolutionProperties) = preSolution
		HideSolutionNode = FALSE
	EndGlobalSection
	GlobalSection(ExtensibilityGlobals) = postSolution
		SolutionGuid = {5C2E88FB-2834-4F99-8030-F184770A1583}
	EndGlobalSection
EndGlobal
