
Microsoft Visual Studio Solution File, Format Version 12.00
# Visual Studio Version 16
VisualStudioVersion = 16.0.30503.244
MinimumVisualStudioVersion = 10.0.40219.1
Project("{159641D6-6404-4A2A-AE62-294DE0FE8301}") = "Integration Services Project1", "Integration Services Project1.dtproj", "{728CDF97-1002-4DDD-8543-BF9EC45C5919}"
EndProject
Global
	GlobalSection(SolutionConfigurationPlatforms) = preSolution
		Development|Default = Development|Default
	EndGlobalSection
	GlobalSection(ProjectConfigurationPlatforms) = postSolution
		{728CDF97-1002-4DDD-8543-BF9EC45C5919}.Development|Default.ActiveCfg = Development
		{728CDF97-1002-4DDD-8543-BF9EC45C5919}.Development|Default.Build.0 = Development
	EndGlobalSection
	GlobalSection(SolutionProperties) = preSolution
		HideSolutionNode = FALSE
	EndGlobalSection
	GlobalSection(ExtensibilityGlobals) = postSolution
		SolutionGuid = {DFDF3F9E-7EEF-442B-9CD9-2F149E726046}
	EndGlobalSection
EndGlobal
