
Microsoft Visual Studio Solution File, Format Version 12.00
# Visual Studio Version 16
VisualStudioVersion = 16.0.29215.179
MinimumVisualStudioVersion = 10.0.40219.1
Project("{888888A0-9F3D-457C-B088-3A5042F75D52}") = "SampleDjango", "SampleDjango.pyproj", "{3630CC98-EF28-4896-A9CF-08A3F63B9239}"
EndProject
Global
	GlobalSection(SolutionConfigurationPlatforms) = preSolution
		Debug|Any CPU = Debug|Any CPU
		Release|Any CPU = Release|Any CPU
	EndGlobalSection
	GlobalSection(ProjectConfigurationPlatforms) = postSolution
		{3630CC98-EF28-4896-A9CF-08A3F63B9239}.Debug|Any CPU.ActiveCfg = Debug|Any CPU
		{3630CC98-EF28-4896-A9CF-08A3F63B9239}.Debug|Any CPU.Build.0 = Debug|Any CPU
		{3630CC98-EF28-4896-A9CF-08A3F63B9239}.Release|Any CPU.ActiveCfg = Release|Any CPU
		{3630CC98-EF28-4896-A9CF-08A3F63B9239}.Release|Any CPU.Build.0 = Release|Any CPU
	EndGlobalSection
	GlobalSection(SolutionProperties) = preSolution
		HideSolutionNode = FALSE
	EndGlobalSection
	GlobalSection(ExtensibilityGlobals) = postSolution
		SolutionGuid = {3E0981DE-6CF4-419F-8770-984E7B3A38D0}
	EndGlobalSection
EndGlobal
